
Microsoft Visual Studio Solution File, Format Version 12.00
# Visual Studio Version 16
VisualStudioVersion = 16.0.33801.447
MinimumVisualStudioVersion = 10.0.40219.1
Project("{FAE04EC0-301F-11D3-BF4B-00C04F79EFBC}") = "WebBanHang", "WebBanHang\WebBanHang.csproj", "{EE2203BC-2E82-469A-AEBB-478C95946871}"
EndProject
Global
	GlobalSection(SolutionConfigurationPlatforms) = preSolution
		Debug|Any CPU = Debug|Any CPU
		Release|Any CPU = Release|Any CPU
	EndGlobalSection
	GlobalSection(ProjectConfigurationPlatforms) = postSolution
		{EE2203BC-2E82-469A-AEBB-478C95946871}.Debug|Any CPU.ActiveCfg = Debug|Any CPU
		{EE2203BC-2E82-469A-AEBB-478C95946871}.Debug|Any CPU.Build.0 = Debug|Any CPU
		{EE2203BC-2E82-469A-AEBB-478C95946871}.Release|Any CPU.ActiveCfg = Release|Any CPU
		{EE2203BC-2E82-469A-AEBB-478C95946871}.Release|Any CPU.Build.0 = Release|Any CPU
	EndGlobalSection
	GlobalSection(SolutionProperties) = preSolution
		HideSolutionNode = FALSE
	EndGlobalSection
	GlobalSection(ExtensibilityGlobals) = postSolution
		SolutionGuid = {C6ED21D3-D765-49A9-A4ED-6BA62BA5FEE4}
	EndGlobalSection
EndGlobal
